
Microsoft Visual Studio Solution File, Format Version 12.00
# Visual Studio Version 17
VisualStudioVersion = 17.6.33829.357
MinimumVisualStudioVersion = 10.0.40219.1
Project("{9A19103F-16F7-4668-BE54-9A1E7A4F7556}") = "Task_Managment_System.Server", "Task_Managment_System\Task_Managment_System.Server.csproj", "{F8BD101F-FB54-4F69-8CB5-939E20E7DCAD}"
EndProject
Project("{9A19103F-16F7-4668-BE54-9A1E7A4F7556}") = "Application", "Application\Application.csproj", "{0FCA9450-7AE5-4521-80C9-D9E55344EBE3}"
EndProject
Project("{9A19103F-16F7-4668-BE54-9A1E7A4F7556}") = "Infrastructure", "Infrastructure\Infrastructure.csproj", "{6796B4C2-B99E-42E9-858D-8A8694A0D651}"
EndProject
Project("{9A19103F-16F7-4668-BE54-9A1E7A4F7556}") = "Dtos", "Dtos\Dtos.csproj", "{462F728A-202F-4C4E-A495-8B74B40D142B}"
EndProject
Project("{9A19103F-16F7-4668-BE54-9A1E7A4F7556}") = "Domain", "Domain\Domain.csproj", "{FAEE04C8-5FEB-4258-9B0F-32DAD817C534}"
EndProject
Global
	GlobalSection(SolutionConfigurationPlatforms) = preSolution
		Debug|Any CPU = Debug|Any CPU
		Release|Any CPU = Release|Any CPU
	EndGlobalSection
	GlobalSection(ProjectConfigurationPlatforms) = postSolution
		{F8BD101F-FB54-4F69-8CB5-939E20E7DCAD}.Debug|Any CPU.ActiveCfg = Debug|Any CPU
		{F8BD101F-FB54-4F69-8CB5-939E20E7DCAD}.Debug|Any CPU.Build.0 = Debug|Any CPU
		{F8BD101F-FB54-4F69-8CB5-939E20E7DCAD}.Release|Any CPU.ActiveCfg = Release|Any CPU
		{F8BD101F-FB54-4F69-8CB5-939E20E7DCAD}.Release|Any CPU.Build.0 = Release|Any CPU
		{0FCA9450-7AE5-4521-80C9-D9E55344EBE3}.Debug|Any CPU.ActiveCfg = Debug|Any CPU
		{0FCA9450-7AE5-4521-80C9-D9E55344EBE3}.Debug|Any CPU.Build.0 = Debug|Any CPU
		{0FCA9450-7AE5-4521-80C9-D9E55344EBE3}.Release|Any CPU.ActiveCfg = Release|Any CPU
		{0FCA9450-7AE5-4521-80C9-D9E55344EBE3}.Release|Any CPU.Build.0 = Release|Any CPU
		{6796B4C2-B99E-42E9-858D-8A8694A0D651}.Debug|Any CPU.ActiveCfg = Debug|Any CPU
		{6796B4C2-B99E-42E9-858D-8A8694A0D651}.Debug|Any CPU.Build.0 = Debug|Any CPU
		{6796B4C2-B99E-42E9-858D-8A8694A0D651}.Release|Any CPU.ActiveCfg = Release|Any CPU
		{6796B4C2-B99E-42E9-858D-8A8694A0D651}.Release|Any CPU.Build.0 = Release|Any CPU
		{462F728A-202F-4C4E-A495-8B74B40D142B}.Debug|Any CPU.ActiveCfg = Debug|Any CPU
		{462F728A-202F-4C4E-A495-8B74B40D142B}.Debug|Any CPU.Build.0 = Debug|Any CPU
		{462F728A-202F-4C4E-A495-8B74B40D142B}.Release|Any CPU.ActiveCfg = Release|Any CPU
		{462F728A-202F-4C4E-A495-8B74B40D142B}.Release|Any CPU.Build.0 = Release|Any CPU
		{FAEE04C8-5FEB-4258-9B0F-32DAD817C534}.Debug|Any CPU.ActiveCfg = Debug|Any CPU
		{FAEE04C8-5FEB-4258-9B0F-32DAD817C534}.Debug|Any CPU.Build.0 = Debug|Any CPU
		{FAEE04C8-5FEB-4258-9B0F-32DAD817C534}.Release|Any CPU.ActiveCfg = Release|Any CPU
		{FAEE04C8-5FEB-4258-9B0F-32DAD817C534}.Release|Any CPU.Build.0 = Release|Any CPU
	EndGlobalSection
	GlobalSection(SolutionProperties) = preSolution
		HideSolutionNode = FALSE
	EndGlobalSection
	GlobalSection(ExtensibilityGlobals) = postSolution
		SolutionGuid = {9C4F7AEE-F123-45D3-B59B-9387E76C15FD}
	EndGlobalSection
EndGlobal
